// !$*UTF8*$!
{
	archiveVersion = 1;
	classes = {
	};
	objectVersion = 51;
	objects = {

/* Begin PBXBuildFile section */
		151A538D23DED9F3001DD1ED /* AppDelegate.swift in Sources */ = {isa = PBXBuildFile; fileRef = 151A538C23DED9F3001DD1ED /* AppDelegate.swift */; };
		151A538F23DED9F3001DD1ED /* SceneDelegate.swift in Sources */ = {isa = PBXBuildFile; fileRef = 151A538E23DED9F3001DD1ED /* SceneDelegate.swift */; };
		151A539623DED9F4001DD1ED /* Assets.xcassets in Resources */ = {isa = PBXBuildFile; fileRef = 151A539523DED9F4001DD1ED /* Assets.xcassets */; };
		151A539923DED9F4001DD1ED /* LaunchScreen.storyboard in Resources */ = {isa = PBXBuildFile; fileRef = 151A539723DED9F4001DD1ED /* LaunchScreen.storyboard */; };
		151B2BB123E0698E004A262B /* FeedViewController.swift in Sources */ = {isa = PBXBuildFile; fileRef = 151B2BB023E0698E004A262B /* FeedViewController.swift */; };
		151B2BB323E06998004A262B /* FeedViewController.storyboard in Resources */ = {isa = PBXBuildFile; fileRef = 151B2BB223E06998004A262B /* FeedViewController.storyboard */; };
		151B2BB823E07820004A262B /* UIViewController + Storyboard.swift in Sources */ = {isa = PBXBuildFile; fileRef = 151B2BB723E07820004A262B /* UIViewController + Storyboard.swift */; };
		152F3EC223E1720C00120D62 /* RootViewController.swift in Sources */ = {isa = PBXBuildFile; fileRef = 152F3EC123E1720C00120D62 /* RootViewController.swift */; };
		152F3EC423E17B0600120D62 /* Main.storyboard in Resources */ = {isa = PBXBuildFile; fileRef = 152F3EC323E17B0600120D62 /* Main.storyboard */; };
		152F3EC723E1867F00120D62 /* NetworkService.swift in Sources */ = {isa = PBXBuildFile; fileRef = 152F3EC623E1867F00120D62 /* NetworkService.swift */; };
		152F3EC923E1874400120D62 /* API.swift in Sources */ = {isa = PBXBuildFile; fileRef = 152F3EC823E1874400120D62 /* API.swift */; };
		155326DE23DEE89F00F9B57B /* AuthService.swift in Sources */ = {isa = PBXBuildFile; fileRef = 155326DD23DEE89F00F9B57B /* AuthService.swift */; };
		155326E123DEEBC900F9B57B /* AuthViewController.swift in Sources */ = {isa = PBXBuildFile; fileRef = 155326E023DEEBC900F9B57B /* AuthViewController.swift */; };
		155326E323DEEBD900F9B57B /* AuthViewController.storyboard in Resources */ = {isa = PBXBuildFile; fileRef = 155326E223DEEBD900F9B57B /* AuthViewController.storyboard */; };
		195CDA350967AA9E1CCDBCFF /* Pods_VKFeed.framework in Frameworks */ = {isa = PBXBuildFile; fileRef = F9A759CFE4530353D136541B /* Pods_VKFeed.framework */; };
/* End PBXBuildFile section */

/* Begin PBXFileReference section */
		151A538923DED9F3001DD1ED /* VKFeed1.0.app */ = {isa = PBXFileReference; explicitFileType = wrapper.application; includeInIndex = 0; path = VKFeed1.0.app; sourceTree = BUILT_PRODUCTS_DIR; };
		151A538C23DED9F3001DD1ED /* AppDelegate.swift */ = {isa = PBXFileReference; lastKnownFileType = sourcecode.swift; path = AppDelegate.swift; sourceTree = "<group>"; };
		151A538E23DED9F3001DD1ED /* SceneDelegate.swift */ = {isa = PBXFileReference; lastKnownFileType = sourcecode.swift; path = SceneDelegate.swift; sourceTree = "<group>"; };
		151A539523DED9F4001DD1ED /* Assets.xcassets */ = {isa = PBXFileReference; lastKnownFileType = folder.assetcatalog; path = Assets.xcassets; sourceTree = "<group>"; };
		151A539823DED9F4001DD1ED /* Base */ = {isa = PBXFileReference; lastKnownFileType = file.storyboard; name = Base; path = Base.lproj/LaunchScreen.storyboard; sourceTree = "<group>"; };
		151A539A23DED9F4001DD1ED /* Info.plist */ = {isa = PBXFileReference; lastKnownFileType = text.plist.xml; path = Info.plist; sourceTree = "<group>"; };
		151B2BB023E0698E004A262B /* FeedViewController.swift */ = {isa = PBXFileReference; lastKnownFileType = sourcecode.swift; path = FeedViewController.swift; sourceTree = "<group>"; };
		151B2BB223E06998004A262B /* FeedViewController.storyboard */ = {isa = PBXFileReference; lastKnownFileType = file.storyboard; path = FeedViewController.storyboard; sourceTree = "<group>"; };
		151B2BB723E07820004A262B /* UIViewController + Storyboard.swift */ = {isa = PBXFileReference; lastKnownFileType = sourcecode.swift; path = "UIViewController + Storyboard.swift"; sourceTree = "<group>"; };
		152F3EC123E1720C00120D62 /* RootViewController.swift */ = {isa = PBXFileReference; lastKnownFileType = sourcecode.swift; path = RootViewController.swift; sourceTree = "<group>"; };
		152F3EC323E17B0600120D62 /* Main.storyboard */ = {isa = PBXFileReference; lastKnownFileType = file.storyboard; path = Main.storyboard; sourceTree = "<group>"; };
		152F3EC623E1867F00120D62 /* NetworkService.swift */ = {isa = PBXFileReference; lastKnownFileType = sourcecode.swift; path = NetworkService.swift; sourceTree = "<group>"; };
		152F3EC823E1874400120D62 /* API.swift */ = {isa = PBXFileReference; lastKnownFileType = sourcecode.swift; path = API.swift; sourceTree = "<group>"; };
		155326DD23DEE89F00F9B57B /* AuthService.swift */ = {isa = PBXFileReference; lastKnownFileType = sourcecode.swift; path = AuthService.swift; sourceTree = "<group>"; };
		155326E023DEEBC900F9B57B /* AuthViewController.swift */ = {isa = PBXFileReference; lastKnownFileType = sourcecode.swift; path = AuthViewController.swift; sourceTree = "<group>"; };
		155326E223DEEBD900F9B57B /* AuthViewController.storyboard */ = {isa = PBXFileReference; lastKnownFileType = file.storyboard; path = AuthViewController.storyboard; sourceTree = "<group>"; };
		48B21A49825E6589E9DFFE9F /* Pods-VKFeed.debug.xcconfig */ = {isa = PBXFileReference; includeInIndex = 1; lastKnownFileType = text.xcconfig; name = "Pods-VKFeed.debug.xcconfig"; path = "Target Support Files/Pods-VKFeed/Pods-VKFeed.debug.xcconfig"; sourceTree = "<group>"; };
		86A79D70254D94AF8B6D79B2 /* Pods-VKFeed.release.xcconfig */ = {isa = PBXFileReference; includeInIndex = 1; lastKnownFileType = text.xcconfig; name = "Pods-VKFeed.release.xcconfig"; path = "Target Support Files/Pods-VKFeed/Pods-VKFeed.release.xcconfig"; sourceTree = "<group>"; };
		F9A759CFE4530353D136541B /* Pods_VKFeed.framework */ = {isa = PBXFileReference; explicitFileType = wrapper.framework; includeInIndex = 0; path = Pods_VKFeed.framework; sourceTree = BUILT_PRODUCTS_DIR; };
/* End PBXFileReference section */

/* Begin PBXFrameworksBuildPhase section */
		151A538623DED9F3001DD1ED /* Frameworks */ = {
			isa = PBXFrameworksBuildPhase;
			buildActionMask = 2147483647;
			files = (
				195CDA350967AA9E1CCDBCFF /* Pods_VKFeed.framework in Frameworks */,
			);
			runOnlyForDeploymentPostprocessing = 0;
		};
/* End PBXFrameworksBuildPhase section */

/* Begin PBXGroup section */
		0C5C941820C9E18F6F365701 /* Frameworks */ = {
			isa = PBXGroup;
			children = (
				F9A759CFE4530353D136541B /* Pods_VKFeed.framework */,
			);
			name = Frameworks;
			sourceTree = "<group>";
		};
		151A538023DED9F3001DD1ED = {
			isa = PBXGroup;
			children = (
				151A538B23DED9F3001DD1ED /* VKFeed */,
				151A538A23DED9F3001DD1ED /* Products */,
				1B9CF74044A4C49A6BC38FDF /* Pods */,
				0C5C941820C9E18F6F365701 /* Frameworks */,
			);
			sourceTree = "<group>";
		};
		151A538A23DED9F3001DD1ED /* Products */ = {
			isa = PBXGroup;
			children = (
				151A538923DED9F3001DD1ED /* VKFeed1.0.app */,
			);
			name = Products;
			sourceTree = "<group>";
		};
		151A538B23DED9F3001DD1ED /* VKFeed */ = {
			isa = PBXGroup;
			children = (
				151A538C23DED9F3001DD1ED /* AppDelegate.swift */,
				151A538E23DED9F3001DD1ED /* SceneDelegate.swift */,
				151B2BB423E0699C004A262B /* Feed */,
				155326E423DEEBEC00F9B57B /* Auth */,
				155326DF23DEE8B300F9B57B /* Services */,
				152F3EC523E17F8900120D62 /* Main */,
				151B2BB623E07801004A262B /* Helpers */,
				151B2BAF23E056AB004A262B /* Supporting Files */,
				151A539A23DED9F4001DD1ED /* Info.plist */,
			);
			path = VKFeed;
			sourceTree = "<group>";
		};
		151B2BAF23E056AB004A262B /* Supporting Files */ = {
			isa = PBXGroup;
			children = (
				151A539523DED9F4001DD1ED /* Assets.xcassets */,
				151A539723DED9F4001DD1ED /* LaunchScreen.storyboard */,
			);
			path = "Supporting Files";
			sourceTree = "<group>";
		};
		151B2BB423E0699C004A262B /* Feed */ = {
			isa = PBXGroup;
			children = (
				151B2BB023E0698E004A262B /* FeedViewController.swift */,
				151B2BB223E06998004A262B /* FeedViewController.storyboard */,
			);
			path = Feed;
			sourceTree = "<group>";
		};
		151B2BB623E07801004A262B /* Helpers */ = {
			isa = PBXGroup;
			children = (
				151B2BB723E07820004A262B /* UIViewController + Storyboard.swift */,
			);
			path = Helpers;
			sourceTree = "<group>";
		};
		152F3EC523E17F8900120D62 /* Main */ = {
			isa = PBXGroup;
			children = (
				152F3EC323E17B0600120D62 /* Main.storyboard */,
			);
			path = Main;
			sourceTree = "<group>";
		};
		155326DF23DEE8B300F9B57B /* Services */ = {
			isa = PBXGroup;
			children = (
				155326DD23DEE89F00F9B57B /* AuthService.swift */,
				152F3EC623E1867F00120D62 /* NetworkService.swift */,
				152F3EC823E1874400120D62 /* API.swift */,
				152F3EC123E1720C00120D62 /* RootViewController.swift */,
			);
			path = Services;
			sourceTree = "<group>";
		};
		155326E423DEEBEC00F9B57B /* Auth */ = {
			isa = PBXGroup;
			children = (
				155326E023DEEBC900F9B57B /* AuthViewController.swift */,
				155326E223DEEBD900F9B57B /* AuthViewController.storyboard */,
			);
			path = Auth;
			sourceTree = "<group>";
		};
		1B9CF74044A4C49A6BC38FDF /* Pods */ = {
			isa = PBXGroup;
			children = (
				48B21A49825E6589E9DFFE9F /* Pods-VKFeed.debug.xcconfig */,
				86A79D70254D94AF8B6D79B2 /* Pods-VKFeed.release.xcconfig */,
			);
			path = Pods;
			sourceTree = "<group>";
		};
/* End PBXGroup section */

/* Begin PBXNativeTarget section */
		151A538823DED9F3001DD1ED /* VKFeed */ = {
			isa = PBXNativeTarget;
			buildConfigurationList = 151A539D23DED9F4001DD1ED /* Build configuration list for PBXNativeTarget "VKFeed" */;
			buildPhases = (
				3B5554558020C5AA1A9B157A /* [CP] Check Pods Manifest.lock */,
				151A538523DED9F3001DD1ED /* Sources */,
				151A538623DED9F3001DD1ED /* Frameworks */,
				151A538723DED9F3001DD1ED /* Resources */,
				E4170FF4DEB33CC821F33BBA /* [CP] Embed Pods Frameworks */,
			);
			buildRules = (
			);
			dependencies = (
			);
			name = VKFeed;
			productName = VKFeed;
			productReference = 151A538923DED9F3001DD1ED /* VKFeed1.0.app */;
			productType = "com.apple.product-type.application";
		};
/* End PBXNativeTarget section */

/* Begin PBXProject section */
		151A538123DED9F3001DD1ED /* Project object */ = {
			isa = PBXProject;
			attributes = {
				LastSwiftUpdateCheck = 1130;
				LastUpgradeCheck = 1130;
				ORGANIZATIONNAME = "Ilya Lagutovsky";
				TargetAttributes = {
					151A538823DED9F3001DD1ED = {
						CreatedOnToolsVersion = 11.3.1;
					};
				};
			};
			buildConfigurationList = 151A538423DED9F3001DD1ED /* Build configuration list for PBXProject "VKFeed" */;
			compatibilityVersion = "Xcode 9.3";
			developmentRegion = en;
			hasScannedForEncodings = 0;
			knownRegions = (
				en,
				Base,
			);
			mainGroup = 151A538023DED9F3001DD1ED;
			productRefGroup = 151A538A23DED9F3001DD1ED /* Products */;
			projectDirPath = "";
			projectRoot = "";
			targets = (
				151A538823DED9F3001DD1ED /* VKFeed */,
			);
		};
/* End PBXProject section */

/* Begin PBXResourcesBuildPhase section */
		151A538723DED9F3001DD1ED /* Resources */ = {
			isa = PBXResourcesBuildPhase;
			buildActionMask = 2147483647;
			files = (
				151A539923DED9F4001DD1ED /* LaunchScreen.storyboard in Resources */,
				152F3EC423E17B0600120D62 /* Main.storyboard in Resources */,
				155326E323DEEBD900F9B57B /* AuthViewController.storyboard in Resources */,
				151A539623DED9F4001DD1ED /* Assets.xcassets in Resources */,
				151B2BB323E06998004A262B /* FeedViewController.storyboard in Resources */,
			);
			runOnlyForDeploymentPostprocessing = 0;
		};
/* End PBXResourcesBuildPhase section */

/* Begin PBXShellScriptBuildPhase section */
		3B5554558020C5AA1A9B157A /* [CP] Check Pods Manifest.lock */ = {
			isa = PBXShellScriptBuildPhase;
			buildActionMask = 2147483647;
			files = (
			);
			inputFileListPaths = (
			);
			inputPaths = (
				"${PODS_PODFILE_DIR_PATH}/Podfile.lock",
				"${PODS_ROOT}/Manifest.lock",
			);
			name = "[CP] Check Pods Manifest.lock";
			outputFileListPaths = (
			);
			outputPaths = (
				"$(DERIVED_FILE_DIR)/Pods-VKFeed-checkManifestLockResult.txt",
			);
			runOnlyForDeploymentPostprocessing = 0;
			shellPath = /bin/sh;
			shellScript = "diff \"${PODS_PODFILE_DIR_PATH}/Podfile.lock\" \"${PODS_ROOT}/Manifest.lock\" > /dev/null\nif [ $? != 0 ] ; then\n    # print error to STDERR\n    echo \"error: The sandbox is not in sync with the Podfile.lock. Run 'pod install' or update your CocoaPods installation.\" >&2\n    exit 1\nfi\n# This output is used by Xcode 'outputs' to avoid re-running this script phase.\necho \"SUCCESS\" > \"${SCRIPT_OUTPUT_FILE_0}\"\n";
			showEnvVarsInLog = 0;
		};
		E4170FF4DEB33CC821F33BBA /* [CP] Embed Pods Frameworks */ = {
			isa = PBXShellScriptBuildPhase;
			buildActionMask = 2147483647;
			files = (
			);
			inputFileListPaths = (
				"${PODS_ROOT}/Target Support Files/Pods-VKFeed/Pods-VKFeed-frameworks-${CONFIGURATION}-input-files.xcfilelist",
			);
			name = "[CP] Embed Pods Frameworks";
			outputFileListPaths = (
				"${PODS_ROOT}/Target Support Files/Pods-VKFeed/Pods-VKFeed-frameworks-${CONFIGURATION}-output-files.xcfilelist",
			);
			runOnlyForDeploymentPostprocessing = 0;
			shellPath = /bin/sh;
			shellScript = "\"${PODS_ROOT}/Target Support Files/Pods-VKFeed/Pods-VKFeed-frameworks.sh\"\n";
			showEnvVarsInLog = 0;
		};
/* End PBXShellScriptBuildPhase section */

/* Begin PBXSourcesBuildPhase section */
		151A538523DED9F3001DD1ED /* Sources */ = {
			isa = PBXSourcesBuildPhase;
			buildActionMask = 2147483647;
			files = (
				155326E123DEEBC900F9B57B /* AuthViewController.swift in Sources */,
				151A538D23DED9F3001DD1ED /* AppDelegate.swift in Sources */,
				151B2BB123E0698E004A262B /* FeedViewController.swift in Sources */,
				152F3EC223E1720C00120D62 /* RootViewController.swift in Sources */,
				151B2BB823E07820004A262B /* UIViewController + Storyboard.swift in Sources */,
				151A538F23DED9F3001DD1ED /* SceneDelegate.swift in Sources */,
				155326DE23DEE89F00F9B57B /* AuthService.swift in Sources */,
				152F3EC923E1874400120D62 /* API.swift in Sources */,
				152F3EC723E1867F00120D62 /* NetworkService.swift in Sources */,
			);
			runOnlyForDeploymentPostprocessing = 0;
		};
/* End PBXSourcesBuildPhase section */

/* Begin PBXVariantGroup section */
		151A539723DED9F4001DD1ED /* LaunchScreen.storyboard */ = {
			isa = PBXVariantGroup;
			children = (
				151A539823DED9F4001DD1ED /* Base */,
			);
			name = LaunchScreen.storyboard;
			sourceTree = "<group>";
		};
/* End PBXVariantGroup section */

/* Begin XCBuildConfiguration section */
		151A539B23DED9F4001DD1ED /* Debug */ = {
			isa = XCBuildConfiguration;
			buildSettings = {
				ALWAYS_SEARCH_USER_PATHS = NO;
				CLANG_ANALYZER_NONNULL = YES;
				CLANG_ANALYZER_NUMBER_OBJECT_CONVERSION = YES_AGGRESSIVE;
				CLANG_CXX_LANGUAGE_STANDARD = "gnu++14";
				CLANG_CXX_LIBRARY = "libc++";
				CLANG_ENABLE_MODULES = YES;
				CLANG_ENABLE_OBJC_ARC = YES;
				CLANG_ENABLE_OBJC_WEAK = YES;
				CLANG_WARN_BLOCK_CAPTURE_AUTORELEASING = YES;
				CLANG_WARN_BOOL_CONVERSION = YES;
				CLANG_WARN_COMMA = YES;
				CLANG_WARN_CONSTANT_CONVERSION = YES;
				CLANG_WARN_DEPRECATED_OBJC_IMPLEMENTATIONS = YES;
				CLANG_WARN_DIRECT_OBJC_ISA_USAGE = YES_ERROR;
				CLANG_WARN_DOCUMENTATION_COMMENTS = YES;
				CLANG_WARN_EMPTY_BODY = YES;
				CLANG_WARN_ENUM_CONVERSION = YES;
				CLANG_WARN_INFINITE_RECURSION = YES;
				CLANG_WARN_INT_CONVERSION = YES;
				CLANG_WARN_NON_LITERAL_NULL_CONVERSION = YES;
				CLANG_WARN_OBJC_IMPLICIT_RETAIN_SELF = YES;
				CLANG_WARN_OBJC_LITERAL_CONVERSION = YES;
				CLANG_WARN_OBJC_ROOT_CLASS = YES_ERROR;
				CLANG_WARN_RANGE_LOOP_ANALYSIS = YES;
				CLANG_WARN_STRICT_PROTOTYPES = YES;
				CLANG_WARN_SUSPICIOUS_MOVE = YES;
				CLANG_WARN_UNGUARDED_AVAILABILITY = YES_AGGRESSIVE;
				CLANG_WARN_UNREACHABLE_CODE = YES;
				CLANG_WARN__DUPLICATE_METHOD_MATCH = YES;
				COPY_PHASE_STRIP = NO;
				DEBUG_INFORMATION_FORMAT = dwarf;
				ENABLE_STRICT_OBJC_MSGSEND = YES;
				ENABLE_TESTABILITY = YES;
				GCC_C_LANGUAGE_STANDARD = gnu11;
				GCC_DYNAMIC_NO_PIC = NO;
				GCC_NO_COMMON_BLOCKS = YES;
				GCC_OPTIMIZATION_LEVEL = 0;
				GCC_PREPROCESSOR_DEFINITIONS = (
					"DEBUG=1",
					"$(inherited)",
				);
				GCC_WARN_64_TO_32_BIT_CONVERSION = YES;
				GCC_WARN_ABOUT_RETURN_TYPE = YES_ERROR;
				GCC_WARN_UNDECLARED_SELECTOR = YES;
				GCC_WARN_UNINITIALIZED_AUTOS = YES_AGGRESSIVE;
				GCC_WARN_UNUSED_FUNCTION = YES;
				GCC_WARN_UNUSED_VARIABLE = YES;
				IPHONEOS_DEPLOYMENT_TARGET = 13.2;
				MTL_ENABLE_DEBUG_INFO = INCLUDE_SOURCE;
				MTL_FAST_MATH = YES;
				ONLY_ACTIVE_ARCH = YES;
				SDKROOT = iphoneos;
				SWIFT_ACTIVE_COMPILATION_CONDITIONS = DEBUG;
				SWIFT_OPTIMIZATION_LEVEL = "-Onone";
			};
			name = Debug;
		};
		151A539C23DED9F4001DD1ED /* Release */ = {
			isa = XCBuildConfiguration;
			buildSettings = {
				ALWAYS_SEARCH_USER_PATHS = NO;
				CLANG_ANALYZER_NONNULL = YES;
				CLANG_ANALYZER_NUMBER_OBJECT_CONVERSION = YES_AGGRESSIVE;
				CLANG_CXX_LANGUAGE_STANDARD = "gnu++14";
				CLANG_CXX_LIBRARY = "libc++";
				CLANG_ENABLE_MODULES = YES;
				CLANG_ENABLE_OBJC_ARC = YES;
				CLANG_ENABLE_OBJC_WEAK = YES;
				CLANG_WARN_BLOCK_CAPTURE_AUTORELEASING = YES;
				CLANG_WARN_BOOL_CONVERSION = YES;
				CLANG_WARN_COMMA = YES;
				CLANG_WARN_CONSTANT_CONVERSION = YES;
				CLANG_WARN_DEPRECATED_OBJC_IMPLEMENTATIONS = YES;
				CLANG_WARN_DIRECT_OBJC_ISA_USAGE = YES_ERROR;
				CLANG_WARN_DOCUMENTATION_COMMENTS = YES;
				CLANG_WARN_EMPTY_BODY = YES;
				CLANG_WARN_ENUM_CONVERSION = YES;
				CLANG_WARN_INFINITE_RECURSION = YES;
				CLANG_WARN_INT_CONVERSION = YES;
				CLANG_WARN_NON_LITERAL_NULL_CONVERSION = YES;
				CLANG_WARN_OBJC_IMPLICIT_RETAIN_SELF = YES;
				CLANG_WARN_OBJC_LITERAL_CONVERSION = YES;
				CLANG_WARN_OBJC_ROOT_CLASS = YES_ERROR;
				CLANG_WARN_RANGE_LOOP_ANALYSIS = YES;
				CLANG_WARN_STRICT_PROTOTYPES = YES;
				CLANG_WARN_SUSPICIOUS_MOVE = YES;
				CLANG_WARN_UNGUARDED_AVAILABILITY = YES_AGGRESSIVE;
				CLANG_WARN_UNREACHABLE_CODE = YES;
				CLANG_WARN__DUPLICATE_METHOD_MATCH = YES;
				COPY_PHASE_STRIP = NO;
				DEBUG_INFORMATION_FORMAT = "dwarf-with-dsym";
				ENABLE_NS_ASSERTIONS = NO;
				ENABLE_STRICT_OBJC_MSGSEND = YES;
				GCC_C_LANGUAGE_STANDARD = gnu11;
				GCC_NO_COMMON_BLOCKS = YES;
				GCC_WARN_64_TO_32_BIT_CONVERSION = YES;
				GCC_WARN_ABOUT_RETURN_TYPE = YES_ERROR;
				GCC_WARN_UNDECLARED_SELECTOR = YES;
				GCC_WARN_UNINITIALIZED_AUTOS = YES_AGGRESSIVE;
				GCC_WARN_UNUSED_FUNCTION = YES;
				GCC_WARN_UNUSED_VARIABLE = YES;
				IPHONEOS_DEPLOYMENT_TARGET = 13.2;
				MTL_ENABLE_DEBUG_INFO = NO;
				MTL_FAST_MATH = YES;
				SDKROOT = iphoneos;
				SWIFT_COMPILATION_MODE = wholemodule;
				SWIFT_OPTIMIZATION_LEVEL = "-O";
				VALIDATE_PRODUCT = YES;
			};
			name = Release;
		};
		151A539E23DED9F4001DD1ED /* Debug */ = {
			isa = XCBuildConfiguration;
			baseConfigurationReference = 48B21A49825E6589E9DFFE9F /* Pods-VKFeed.debug.xcconfig */;
			buildSettings = {
				ASSETCATALOG_COMPILER_APPICON_NAME = AppIcon;
				CODE_SIGN_IDENTITY = "Apple Development";
				CODE_SIGN_STYLE = Automatic;
				DEVELOPMENT_TEAM = 3CNUVF272Y;
				INFOPLIST_FILE = VKFeed/Info.plist;
				LD_RUNPATH_SEARCH_PATHS = (
					"$(inherited)",
					"@executable_path/Frameworks",
				);
				PRODUCT_BUNDLE_IDENTIFIER = f.VKFeed;
				PRODUCT_NAME = VKFeed1.0;
				PROVISIONING_PROFILE_SPECIFIER = "";
				SWIFT_VERSION = 5.0;
				TARGETED_DEVICE_FAMILY = 1;
			};
			name = Debug;
		};
		151A539F23DED9F4001DD1ED /* Release */ = {
			isa = XCBuildConfiguration;
			baseConfigurationReference = 86A79D70254D94AF8B6D79B2 /* Pods-VKFeed.release.xcconfig */;
			buildSettings = {
				ASSETCATALOG_COMPILER_APPICON_NAME = AppIcon;
				CODE_SIGN_IDENTITY = "Apple Development";
				CODE_SIGN_STYLE = Automatic;
				DEVELOPMENT_TEAM = 3CNUVF272Y;
				INFOPLIST_FILE = VKFeed/Info.plist;
				LD_RUNPATH_SEARCH_PATHS = (
					"$(inherited)",
					"@executable_path/Frameworks",
				);
				PRODUCT_BUNDLE_IDENTIFIER = f.VKFeed;
				PRODUCT_NAME = VKFeed1.0;
				PROVISIONING_PROFILE_SPECIFIER = "";
				SWIFT_VERSION = 5.0;
				TARGETED_DEVICE_FAMILY = 1;
			};
			name = Release;
		};
/* End XCBuildConfiguration section */

/* Begin XCConfigurationList section */
		151A538423DED9F3001DD1ED /* Build configuration list for PBXProject "VKFeed" */ = {
			isa = XCConfigurationList;
			buildConfigurations = (
				151A539B23DED9F4001DD1ED /* Debug */,
				151A539C23DED9F4001DD1ED /* Release */,
			);
			defaultConfigurationIsVisible = 0;
			defaultConfigurationName = Release;
		};
		151A539D23DED9F4001DD1ED /* Build configuration list for PBXNativeTarget "VKFeed" */ = {
			isa = XCConfigurationList;
			buildConfigurations = (
				151A539E23DED9F4001DD1ED /* Debug */,
				151A539F23DED9F4001DD1ED /* Release */,
			);
			defaultConfigurationIsVisible = 0;
			defaultConfigurationName = Release;
		};
/* End XCConfigurationList section */
	};
	rootObject = 151A538123DED9F3001DD1ED /* Project object */;
}
